// !$*UTF8*$!
{
	archiveVersion = 1;
	classes = {
	};
	objectVersion = 46;
	objects = {

/* Begin PBXBuildFile section */
		BFAD9FD51CA6E0E900FB588F /* SwiftSampleFramework.framework in Frameworks */ = {isa = PBXBuildFile; fileRef = BFAD9FD41CA6E0E900FB588F /* SwiftSampleFramework.framework */; };
		BFEFC2AE1CA59FE700894285 /* AppDelegate.swift in Sources */ = {isa = PBXBuildFile; fileRef = BFEFC2AD1CA59FE700894285 /* AppDelegate.swift */; };
		BFEFC2B01CA59FE700894285 /* ViewController.swift in Sources */ = {isa = PBXBuildFile; fileRef = BFEFC2AF1CA59FE700894285 /* ViewController.swift */; };
		BFEFC2B31CA59FE800894285 /* Main.storyboard in Resources */ = {isa = PBXBuildFile; fileRef = BFEFC2B11CA59FE800894285 /* Main.storyboard */; };
		BFEFC2B51CA59FE800894285 /* Assets.xcassets in Resources */ = {isa = PBXBuildFile; fileRef = BFEFC2B41CA59FE800894285 /* Assets.xcassets */; };
		BFEFC2B81CA59FE800894285 /* LaunchScreen.storyboard in Resources */ = {isa = PBXBuildFile; fileRef = BFEFC2B61CA59FE800894285 /* LaunchScreen.storyboard */; };
		BFEFC2C31CA59FE800894285 /* SampleAppForSwiftTests.swift in Sources */ = {isa = PBXBuildFile; fileRef = BFEFC2C21CA59FE800894285 /* SampleAppForSwiftTests.swift */; };
		BFEFC2CE1CA59FE800894285 /* SampleAppForSwiftUITests.swift in Sources */ = {isa = PBXBuildFile; fileRef = BFEFC2CD1CA59FE800894285 /* SampleAppForSwiftUITests.swift */; };
/* End PBXBuildFile section */

/* Begin PBXContainerItemProxy section */
		BFEFC2BF1CA59FE800894285 /* PBXContainerItemProxy */ = {
			isa = PBXContainerItemProxy;
			containerPortal = BFEFC2A21CA59FE700894285 /* Project object */;
			proxyType = 1;
			remoteGlobalIDString = BFEFC2A91CA59FE700894285;
			remoteInfo = SampleAppForSwift;
		};
		BFEFC2CA1CA59FE800894285 /* PBXContainerItemProxy */ = {
			isa = PBXContainerItemProxy;
			containerPortal = BFEFC2A21CA59FE700894285 /* Project object */;
			proxyType = 1;
			remoteGlobalIDString = BFEFC2A91CA59FE700894285;
			remoteInfo = SampleAppForSwift;
		};
/* End PBXContainerItemProxy section */

/* Begin PBXFileReference section */
		BFAD9FD41CA6E0E900FB588F /* SwiftSampleFramework.framework */ = {isa = PBXFileReference; lastKnownFileType = wrapper.framework; name = SwiftSampleFramework.framework; path = "../DerivedData/SwiftSample/Build/Products/Debug-iphoneos/SwiftSampleFramework.framework"; sourceTree = "<group>"; };
		BFEFC2AA1CA59FE700894285 /* SampleAppForSwift.app */ = {isa = PBXFileReference; explicitFileType = wrapper.application; includeInIndex = 0; path = SampleAppForSwift.app; sourceTree = BUILT_PRODUCTS_DIR; };
		BFEFC2AD1CA59FE700894285 /* AppDelegate.swift */ = {isa = PBXFileReference; lastKnownFileType = sourcecode.swift; path = AppDelegate.swift; sourceTree = "<group>"; };
		BFEFC2AF1CA59FE700894285 /* ViewController.swift */ = {isa = PBXFileReference; lastKnownFileType = sourcecode.swift; path = ViewController.swift; sourceTree = "<group>"; };
		BFEFC2B21CA59FE800894285 /* Base */ = {isa = PBXFileReference; lastKnownFileType = file.storyboard; name = Base; path = Base.lproj/Main.storyboard; sourceTree = "<group>"; };
		BFEFC2B41CA59FE800894285 /* Assets.xcassets */ = {isa = PBXFileReference; lastKnownFileType = folder.assetcatalog; path = Assets.xcassets; sourceTree = "<group>"; };
		BFEFC2B71CA59FE800894285 /* Base */ = {isa = PBXFileReference; lastKnownFileType = file.storyboard; name = Base; path = Base.lproj/LaunchScreen.storyboard; sourceTree = "<group>"; };
		BFEFC2B91CA59FE800894285 /* Info.plist */ = {isa = PBXFileReference; lastKnownFileType = text.plist.xml; path = Info.plist; sourceTree = "<group>"; };
		BFEFC2BE1CA59FE800894285 /* SampleAppForSwiftTests.xctest */ = {isa = PBXFileReference; explicitFileType = wrapper.cfbundle; includeInIndex = 0; path = SampleAppForSwiftTests.xctest; sourceTree = BUILT_PRODUCTS_DIR; };
		BFEFC2C21CA59FE800894285 /* SampleAppForSwiftTests.swift */ = {isa = PBXFileReference; lastKnownFileType = sourcecode.swift; path = SampleAppForSwiftTests.swift; sourceTree = "<group>"; };
		BFEFC2C41CA59FE800894285 /* Info.plist */ = {isa = PBXFileReference; lastKnownFileType = text.plist.xml; path = Info.plist; sourceTree = "<group>"; };
		BFEFC2C91CA59FE800894285 /* SampleAppForSwiftUITests.xctest */ = {isa = PBXFileReference; explicitFileType = wrapper.cfbundle; includeInIndex = 0; path = SampleAppForSwiftUITests.xctest; sourceTree = BUILT_PRODUCTS_DIR; };
		BFEFC2CD1CA59FE800894285 /* SampleAppForSwiftUITests.swift */ = {isa = PBXFileReference; lastKnownFileType = sourcecode.swift; path = SampleAppForSwiftUITests.swift; sourceTree = "<group>"; };
		BFEFC2CF1CA59FE800894285 /* Info.plist */ = {isa = PBXFileReference; lastKnownFileType = text.plist.xml; path = Info.plist; sourceTree = "<group>"; };
/* End PBXFileReference section */

/* Begin PBXFrameworksBuildPhase section */
		BFEFC2A71CA59FE700894285 /* Frameworks */ = {
			isa = PBXFrameworksBuildPhase;
			buildActionMask = 2147483647;
			files = (
				BFAD9FD51CA6E0E900FB588F /* SwiftSampleFramework.framework in Frameworks */,
			);
			runOnlyForDeploymentPostprocessing = 0;
		};
		BFEFC2BB1CA59FE800894285 /* Frameworks */ = {
			isa = PBXFrameworksBuildPhase;
			buildActionMask = 2147483647;
			files = (
			);
			runOnlyForDeploymentPostprocessing = 0;
		};
		BFEFC2C61CA59FE800894285 /* Frameworks */ = {
			isa = PBXFrameworksBuildPhase;
			buildActionMask = 2147483647;
			files = (
			);
			runOnlyForDeploymentPostprocessing = 0;
		};
/* End PBXFrameworksBuildPhase section */

/* Begin PBXGroup section */
		BFEFC2A11CA59FE700894285 = {
			isa = PBXGroup;
			children = (
				BFAD9FD41CA6E0E900FB588F /* SwiftSampleFramework.framework */,
				BFEFC2AC1CA59FE700894285 /* SampleAppForSwift */,
				BFEFC2C11CA59FE800894285 /* SampleAppForSwiftTests */,
				BFEFC2CC1CA59FE800894285 /* SampleAppForSwiftUITests */,
				BFEFC2AB1CA59FE700894285 /* Products */,
			);
			sourceTree = "<group>";
		};
		BFEFC2AB1CA59FE700894285 /* Products */ = {
			isa = PBXGroup;
			children = (
				BFEFC2AA1CA59FE700894285 /* SampleAppForSwift.app */,
				BFEFC2BE1CA59FE800894285 /* SampleAppForSwiftTests.xctest */,
				BFEFC2C91CA59FE800894285 /* SampleAppForSwiftUITests.xctest */,
			);
			name = Products;
			sourceTree = "<group>";
		};
		BFEFC2AC1CA59FE700894285 /* SampleAppForSwift */ = {
			isa = PBXGroup;
			children = (
				BFEFC2AD1CA59FE700894285 /* AppDelegate.swift */,
				BFEFC2AF1CA59FE700894285 /* ViewController.swift */,
				BFEFC2B11CA59FE800894285 /* Main.storyboard */,
				BFEFC2B41CA59FE800894285 /* Assets.xcassets */,
				BFEFC2B61CA59FE800894285 /* LaunchScreen.storyboard */,
				BFEFC2B91CA59FE800894285 /* Info.plist */,
			);
			path = SampleAppForSwift;
			sourceTree = "<group>";
		};
		BFEFC2C11CA59FE800894285 /* SampleAppForSwiftTests */ = {
			isa = PBXGroup;
			children = (
				BFEFC2C21CA59FE800894285 /* SampleAppForSwiftTests.swift */,
				BFEFC2C41CA59FE800894285 /* Info.plist */,
			);
			path = SampleAppForSwiftTests;
			sourceTree = "<group>";
		};
		BFEFC2CC1CA59FE800894285 /* SampleAppForSwiftUITests */ = {
			isa = PBXGroup;
			children = (
				BFEFC2CD1CA59FE800894285 /* SampleAppForSwiftUITests.swift */,
				BFEFC2CF1CA59FE800894285 /* Info.plist */,
			);
			path = SampleAppForSwiftUITests;
			sourceTree = "<group>";
		};
/* End PBXGroup section */

/* Begin PBXNativeTarget section */
		BFEFC2A91CA59FE700894285 /* SampleAppForSwift */ = {
			isa = PBXNativeTarget;
			buildConfigurationList = BFEFC2D21CA59FE800894285 /* Build configuration list for PBXNativeTarget "SampleAppForSwift" */;
			buildPhases = (
				BFEFC2A61CA59FE700894285 /* Sources */,
				BFEFC2A71CA59FE700894285 /* Frameworks */,
				BFEFC2A81CA59FE700894285 /* Resources */,
			);
			buildRules = (
			);
			dependencies = (
			);
			name = SampleAppForSwift;
			productName = SampleAppForSwift;
			productReference = BFEFC2AA1CA59FE700894285 /* SampleAppForSwift.app */;
			productType = "com.apple.product-type.application";
		};
		BFEFC2BD1CA59FE800894285 /* SampleAppForSwiftTests */ = {
			isa = PBXNativeTarget;
			buildConfigurationList = BFEFC2D51CA59FE800894285 /* Build configuration list for PBXNativeTarget "SampleAppForSwiftTests" */;
			buildPhases = (
				BFEFC2BA1CA59FE800894285 /* Sources */,
				BFEFC2BB1CA59FE800894285 /* Frameworks */,
				BFEFC2BC1CA59FE800894285 /* Resources */,
			);
			buildRules = (
			);
			dependencies = (
				BFEFC2C01CA59FE800894285 /* PBXTargetDependency */,
			);
			name = SampleAppForSwiftTests;
			productName = SampleAppForSwiftTests;
			productReference = BFEFC2BE1CA59FE800894285 /* SampleAppForSwiftTests.xctest */;
			productType = "com.apple.product-type.bundle.unit-test";
		};
		BFEFC2C81CA59FE800894285 /* SampleAppForSwiftUITests */ = {
			isa = PBXNativeTarget;
			buildConfigurationList = BFEFC2D81CA59FE800894285 /* Build configuration list for PBXNativeTarget "SampleAppForSwiftUITests" */;
			buildPhases = (
				BFEFC2C51CA59FE800894285 /* Sources */,
				BFEFC2C61CA59FE800894285 /* Frameworks */,
				BFEFC2C71CA59FE800894285 /* Resources */,
			);
			buildRules = (
			);
			dependencies = (
				BFEFC2CB1CA59FE800894285 /* PBXTargetDependency */,
			);
			name = SampleAppForSwiftUITests;
			productName = SampleAppForSwiftUITests;
			productReference = BFEFC2C91CA59FE800894285 /* SampleAppForSwiftUITests.xctest */;
			productType = "com.apple.product-type.bundle.ui-testing";
		};
/* End PBXNativeTarget section */

/* Begin PBXProject section */
		BFEFC2A21CA59FE700894285 /* Project object */ = {
			isa = PBXProject;
			attributes = {
				LastSwiftUpdateCheck = 0730;
				LastUpgradeCheck = 0730;
				ORGANIZATIONNAME = "ao2-y";
				TargetAttributes = {
					BFEFC2A91CA59FE700894285 = {
						CreatedOnToolsVersion = 7.3;
					};
					BFEFC2BD1CA59FE800894285 = {
						CreatedOnToolsVersion = 7.3;
						TestTargetID = BFEFC2A91CA59FE700894285;
					};
					BFEFC2C81CA59FE800894285 = {
						CreatedOnToolsVersion = 7.3;
						TestTargetID = BFEFC2A91CA59FE700894285;
					};
				};
			};
			buildConfigurationList = BFEFC2A51CA59FE700894285 /* Build configuration list for PBXProject "SampleAppForSwift" */;
			compatibilityVersion = "Xcode 3.2";
			developmentRegion = English;
			hasScannedForEncodings = 0;
			knownRegions = (
				en,
				Base,
			);
			mainGroup = BFEFC2A11CA59FE700894285;
			productRefGroup = BFEFC2AB1CA59FE700894285 /* Products */;
			projectDirPath = "";
			projectRoot = "";
			targets = (
				BFEFC2A91CA59FE700894285 /* SampleAppForSwift */,
				BFEFC2BD1CA59FE800894285 /* SampleAppForSwiftTests */,
				BFEFC2C81CA59FE800894285 /* SampleAppForSwiftUITests */,
			);
		};
/* End PBXProject section */

/* Begin PBXResourcesBuildPhase section */
		BFEFC2A81CA59FE700894285 /* Resources */ = {
			isa = PBXResourcesBuildPhase;
			buildActionMask = 2147483647;
			files = (
				BFEFC2B81CA59FE800894285 /* LaunchScreen.storyboard in Resources */,
				BFEFC2B51CA59FE800894285 /* Assets.xcassets in Resources */,
				BFEFC2B31CA59FE800894285 /* Main.storyboard in Resources */,
			);
			runOnlyForDeploymentPostprocessing = 0;
		};
		BFEFC2BC1CA59FE800894285 /* Resources */ = {
			isa = PBXResourcesBuildPhase;
			buildActionMask = 2147483647;
			files = (
			);
			runOnlyForDeploymentPostprocessing = 0;
		};
		BFEFC2C71CA59FE800894285 /* Resources */ = {
			isa = PBXResourcesBuildPhase;
			buildActionMask = 2147483647;
			files = (
			);
			runOnlyForDeploymentPostprocessing = 0;
		};
/* End PBXResourcesBuildPhase section */

/* Begin PBXSourcesBuildPhase section */
		BFEFC2A61CA59FE700894285 /* Sources */ = {
			isa = PBXSourcesBuildPhase;
			buildActionMask = 2147483647;
			files = (
				BFEFC2B01CA59FE700894285 /* ViewController.swift in Sources */,
				BFEFC2AE1CA59FE700894285 /* AppDelegate.swift in Sources */,
			);
			runOnlyForDeploymentPostprocessing = 0;
		};
		BFEFC2BA1CA59FE800894285 /* Sources */ = {
			isa = PBXSourcesBuildPhase;
			buildActionMask = 2147483647;
			files = (
				BFEFC2C31CA59FE800894285 /* SampleAppForSwiftTests.swift in Sources */,
			);
			runOnlyForDeploymentPostprocessing = 0;
		};
		BFEFC2C51CA59FE800894285 /* Sources */ = {
			isa = PBXSourcesBuildPhase;
			buildActionMask = 2147483647;
			files = (
				BFEFC2CE1CA59FE800894285 /* SampleAppForSwiftUITests.swift in Sources */,
			);
			runOnlyForDeploymentPostprocessing = 0;
		};
/* End PBXSourcesBuildPhase section */

/* Begin PBXTargetDependency section */
		BFEFC2C01CA59FE800894285 /* PBXTargetDependency */ = {
			isa = PBXTargetDependency;
			target = BFEFC2A91CA59FE700894285 /* SampleAppForSwift */;
			targetProxy = BFEFC2BF1CA59FE800894285 /* PBXContainerItemProxy */;
		};
		BFEFC2CB1CA59FE800894285 /* PBXTargetDependency */ = {
			isa = PBXTargetDependency;
			target = BFEFC2A91CA59FE700894285 /* SampleAppForSwift */;
			targetProxy = BFEFC2CA1CA59FE800894285 /* PBXContainerItemProxy */;
		};
/* End PBXTargetDependency section */

/* Begin PBXVariantGroup section */
		BFEFC2B11CA59FE800894285 /* Main.storyboard */ = {
			isa = PBXVariantGroup;
			children = (
				BFEFC2B21CA59FE800894285 /* Base */,
			);
			name = Main.storyboard;
			sourceTree = "<group>";
		};
		BFEFC2B61CA59FE800894285 /* LaunchScreen.storyboard */ = {
			isa = PBXVariantGroup;
			children = (
				BFEFC2B71CA59FE800894285 /* Base */,
			);
			name = LaunchScreen.storyboard;
			sourceTree = "<group>";
		};
/* End PBXVariantGroup section */

/* Begin XCBuildConfiguration section */
		BFEFC2D01CA59FE800894285 /* Debug */ = {
			isa = XCBuildConfiguration;
			buildSettings = {
				ALWAYS_SEARCH_USER_PATHS = NO;
				CLANG_ANALYZER_NONNULL = YES;
				CLANG_CXX_LANGUAGE_STANDARD = "gnu++0x";
				CLANG_CXX_LIBRARY = "libc++";
				CLANG_ENABLE_MODULES = YES;
				CLANG_ENABLE_OBJC_ARC = YES;
				CLANG_WARN_BOOL_CONVERSION = YES;
				CLANG_WARN_CONSTANT_CONVERSION = YES;
				CLANG_WARN_DIRECT_OBJC_ISA_USAGE = YES_ERROR;
				CLANG_WARN_EMPTY_BODY = YES;
				CLANG_WARN_ENUM_CONVERSION = YES;
				CLANG_WARN_INT_CONVERSION = YES;
				CLANG_WARN_OBJC_ROOT_CLASS = YES_ERROR;
				CLANG_WARN_UNREACHABLE_CODE = YES;
				CLANG_WARN__DUPLICATE_METHOD_MATCH = YES;
				"CODE_SIGN_IDENTITY[sdk=iphoneos*]" = "iPhone Developer";
				COPY_PHASE_STRIP = NO;
				DEBUG_INFORMATION_FORMAT = dwarf;
				ENABLE_STRICT_OBJC_MSGSEND = YES;
				ENABLE_TESTABILITY = YES;
				GCC_C_LANGUAGE_STANDARD = gnu99;
				GCC_DYNAMIC_NO_PIC = NO;
				GCC_NO_COMMON_BLOCKS = YES;
				GCC_OPTIMIZATION_LEVEL = 0;
				GCC_PREPROCESSOR_DEFINITIONS = (
					"DEBUG=1",
					"$(inherited)",
				);
				GCC_WARN_64_TO_32_BIT_CONVERSION = YES;
				GCC_WARN_ABOUT_RETURN_TYPE = YES_ERROR;
				GCC_WARN_UNDECLARED_SELECTOR = YES;
				GCC_WARN_UNINITIALIZED_AUTOS = YES_AGGRESSIVE;
				GCC_WARN_UNUSED_FUNCTION = YES;
				GCC_WARN_UNUSED_VARIABLE = YES;
				IPHONEOS_DEPLOYMENT_TARGET = 9.3;
				MTL_ENABLE_DEBUG_INFO = YES;
				ONLY_ACTIVE_ARCH = YES;
				SDKROOT = iphoneos;
				SWIFT_OPTIMIZATION_LEVEL = "-Onone";
			};
			name = Debug;
		};
		BFEFC2D11CA59FE800894285 /* Release */ = {
			isa = XCBuildConfiguration;
			buildSettings = {
				ALWAYS_SEARCH_USER_PATHS = NO;
				CLANG_ANALYZER_NONNULL = YES;
				CLANG_CXX_LANGUAGE_STANDARD = "gnu++0x";
				CLANG_CXX_LIBRARY = "libc++";
				CLANG_ENABLE_MODULES = YES;
				CLANG_ENABLE_OBJC_ARC = YES;
				CLANG_WARN_BOOL_CONVERSION = YES;
				CLANG_WARN_CONSTANT_CONVERSION = YES;
				CLANG_WARN_DIRECT_OBJC_ISA_USAGE = YES_ERROR;
				CLANG_WARN_EMPTY_BODY = YES;
				CLANG_WARN_ENUM_CONVERSION = YES;
				CLANG_WARN_INT_CONVERSION = YES;
				CLANG_WARN_OBJC_ROOT_CLASS = YES_ERROR;
				CLANG_WARN_UNREACHABLE_CODE = YES;
				CLANG_WARN__DUPLICATE_METHOD_MATCH = YES;
				"CODE_SIGN_IDENTITY[sdk=iphoneos*]" = "iPhone Developer";
				COPY_PHASE_STRIP = NO;
				DEBUG_INFORMATION_FORMAT = "dwarf-with-dsym";
				ENABLE_NS_ASSERTIONS = NO;
				ENABLE_STRICT_OBJC_MSGSEND = YES;
				GCC_C_LANGUAGE_STANDARD = gnu99;
				GCC_NO_COMMON_BLOCKS = YES;
				GCC_WARN_64_TO_32_BIT_CONVERSION = YES;
				GCC_WARN_ABOUT_RETURN_TYPE = YES_ERROR;
				GCC_WARN_UNDECLARED_SELECTOR = YES;
				GCC_WARN_UNINITIALIZED_AUTOS = YES_AGGRESSIVE;
				GCC_WARN_UNUSED_FUNCTION = YES;
				GCC_WARN_UNUSED_VARIABLE = YES;
				IPHONEOS_DEPLOYMENT_TARGET = 9.3;
				MTL_ENABLE_DEBUG_INFO = NO;
				SDKROOT = iphoneos;
				VALIDATE_PRODUCT = YES;
			};
			name = Release;
		};
		BFEFC2D31CA59FE800894285 /* Debug */ = {
			isa = XCBuildConfiguration;
			buildSettings = {
				ASSETCATALOG_COMPILER_APPICON_NAME = AppIcon;
				INFOPLIST_FILE = SampleAppForSwift/Info.plist;
				LD_RUNPATH_SEARCH_PATHS = "$(inherited) @executable_path/Frameworks";
				PRODUCT_BUNDLE_IDENTIFIER = com.your.company.SampleAppForSwift;
				PRODUCT_NAME = "$(TARGET_NAME)";
			};
			name = Debug;
		};
		BFEFC2D41CA59FE800894285 /* Release */ = {
			isa = XCBuildConfiguration;
			buildSettings = {
				ASSETCATALOG_COMPILER_APPICON_NAME = AppIcon;
				INFOPLIST_FILE = SampleAppForSwift/Info.plist;
				LD_RUNPATH_SEARCH_PATHS = "$(inherited) @executable_path/Frameworks";
				PRODUCT_BUNDLE_IDENTIFIER = com.your.company.SampleAppForSwift;
				PRODUCT_NAME = "$(TARGET_NAME)";
			};
			name = Release;
		};
		BFEFC2D61CA59FE800894285 /* Debug */ = {
			isa = XCBuildConfiguration;
			buildSettings = {
				BUNDLE_LOADER = "$(TEST_HOST)";
				INFOPLIST_FILE = SampleAppForSwiftTests/Info.plist;
				LD_RUNPATH_SEARCH_PATHS = "$(inherited) @executable_path/Frameworks @loader_path/Frameworks";
				PRODUCT_BUNDLE_IDENTIFIER = com.your.company.SampleAppForSwiftTests;
				PRODUCT_NAME = "$(TARGET_NAME)";
				TEST_HOST = "$(BUILT_PRODUCTS_DIR)/SampleAppForSwift.app/SampleAppForSwift";
			};
			name = Debug;
		};
		BFEFC2D71CA59FE800894285 /* Release */ = {
			isa = XCBuildConfiguration;
			buildSettings = {
				BUNDLE_LOADER = "$(TEST_HOST)";
				INFOPLIST_FILE = SampleAppForSwiftTests/Info.plist;
				LD_RUNPATH_SEARCH_PATHS = "$(inherited) @executable_path/Frameworks @loader_path/Frameworks";
				PRODUCT_BUNDLE_IDENTIFIER = com.your.company.SampleAppForSwiftTests;
				PRODUCT_NAME = "$(TARGET_NAME)";
				TEST_HOST = "$(BUILT_PRODUCTS_DIR)/SampleAppForSwift.app/SampleAppForSwift";
			};
			name = Release;
		};
		BFEFC2D91CA59FE800894285 /* Debug */ = {
			isa = XCBuildConfiguration;
			buildSettings = {
				INFOPLIST_FILE = SampleAppForSwiftUITests/Info.plist;
				LD_RUNPATH_SEARCH_PATHS = "$(inherited) @executable_path/Frameworks @loader_path/Frameworks";
				PRODUCT_BUNDLE_IDENTIFIER = com.your.company.SampleAppForSwiftUITests;
				PRODUCT_NAME = "$(TARGET_NAME)";
				TEST_TARGET_NAME = SampleAppForSwift;
			};
			name = Debug;
		};
		BFEFC2DA1CA59FE800894285 /* Release */ = {
			isa = XCBuildConfiguration;
			buildSettings = {
				INFOPLIST_FILE = SampleAppForSwiftUITests/Info.plist;
				LD_RUNPATH_SEARCH_PATHS = "$(inherited) @executable_path/Frameworks @loader_path/Frameworks";
				PRODUCT_BUNDLE_IDENTIFIER = com.your.company.SampleAppForSwiftUITests;
				PRODUCT_NAME = "$(TARGET_NAME)";
				TEST_TARGET_NAME = SampleAppForSwift;
			};
			name = Release;
		};
/* End XCBuildConfiguration section */

/* Begin XCConfigurationList section */
		BFEFC2A51CA59FE700894285 /* Build configuration list for PBXProject "SampleAppForSwift" */ = {
			isa = XCConfigurationList;
			buildConfigurations = (
				BFEFC2D01CA59FE800894285 /* Debug */,
				BFEFC2D11CA59FE800894285 /* Release */,
			);
			defaultConfigurationIsVisible = 0;
			defaultConfigurationName = Release;
		};
		BFEFC2D21CA59FE800894285 /* Build configuration list for PBXNativeTarget "SampleAppForSwift" */ = {
			isa = XCConfigurationList;
			buildConfigurations = (
				BFEFC2D31CA59FE800894285 /* Debug */,
				BFEFC2D41CA59FE800894285 /* Release */,
			);
			defaultConfigurationIsVisible = 0;
			defaultConfigurationName = Release;
		};
		BFEFC2D51CA59FE800894285 /* Build configuration list for PBXNativeTarget "SampleAppForSwiftTests" */ = {
			isa = XCConfigurationList;
			buildConfigurations = (
				BFEFC2D61CA59FE800894285 /* Debug */,
				BFEFC2D71CA59FE800894285 /* Release */,
			);
			defaultConfigurationIsVisible = 0;
			defaultConfigurationName = Release;
		};
		BFEFC2D81CA59FE800894285 /* Build configuration list for PBXNativeTarget "SampleAppForSwiftUITests" */ = {
			isa = XCConfigurationList;
			buildConfigurations = (
				BFEFC2D91CA59FE800894285 /* Debug */,
				BFEFC2DA1CA59FE800894285 /* Release */,
			);
			defaultConfigurationIsVisible = 0;
			defaultConfigurationName = Release;
		};
/* End XCConfigurationList section */
	};
	rootObject = BFEFC2A21CA59FE700894285 /* Project object */;
}
